
Microsoft Visual Studio Solution File, Format Version 12.00
# Visual Studio Version 17
VisualStudioVersion = 17.1.32319.34
MinimumVisualStudioVersion = 10.0.40219.1
Project("{2150E333-8FDC-42A3-9474-1A3956D46DE8}") = "src", "src", "{187FF3B7-AFFD-4C5C-A9CF-2F98BD2BC20D}"
EndProject
Project("{9A19103F-16F7-4668-BE54-9A1E7A4F7556}") = "MeetingRoomScheduler", "src\presentation\MeetingRoomScheduler.csproj", "{7917F9C9-E53B-4BA3-81A0-AA020B5F50AB}"
EndProject
Project("{9A19103F-16F7-4668-BE54-9A1E7A4F7556}") = "MeetingRoomScheduler.DAL", "src\data-access\MeetingRoomScheduler.DAL.csproj", "{8DB4777C-C29B-4E9A-94A2-716D5137E0B1}"
EndProject
Project("{2150E333-8FDC-42A3-9474-1A3956D46DE8}") = "api", "api", "{B84662E3-8DF5-420F-8BBB-61611B6D91CE}"
EndProject
Project("{9A19103F-16F7-4668-BE54-9A1E7A4F7556}") = "MeetingRoomScheduler.API", "src\api\MeetingRoomScheduler.API.csproj", "{1B40C81D-37D3-451F-B4B8-7169A2C2996C}"
EndProject
Project("{9A19103F-16F7-4668-BE54-9A1E7A4F7556}") = "MeetingRoomScheduler.API.Test", "test\api\MeetingRoomScheduler.API.Test.csproj", "{5066A017-FFD1-4777-BF04-E1255646DC85}"
EndProject
Project("{9A19103F-16F7-4668-BE54-9A1E7A4F7556}") = "MeetingRoomScheduler.Test", "test\presentation\MeetingRoomScheduler.Test.csproj", "{B5266436-A5D6-4FEF-B9EA-1B9EF3840DA5}"
EndProject
Global
	GlobalSection(SolutionConfigurationPlatforms) = preSolution
		Debug|Any CPU = Debug|Any CPU
		Release|Any CPU = Release|Any CPU
	EndGlobalSection
	GlobalSection(ProjectConfigurationPlatforms) = postSolution
		{7917F9C9-E53B-4BA3-81A0-AA020B5F50AB}.Debug|Any CPU.ActiveCfg = Debug|Any CPU
		{7917F9C9-E53B-4BA3-81A0-AA020B5F50AB}.Debug|Any CPU.Build.0 = Debug|Any CPU
		{7917F9C9-E53B-4BA3-81A0-AA020B5F50AB}.Release|Any CPU.ActiveCfg = Release|Any CPU
		{7917F9C9-E53B-4BA3-81A0-AA020B5F50AB}.Release|Any CPU.Build.0 = Release|Any CPU
		{8DB4777C-C29B-4E9A-94A2-716D5137E0B1}.Debug|Any CPU.ActiveCfg = Debug|Any CPU
		{8DB4777C-C29B-4E9A-94A2-716D5137E0B1}.Debug|Any CPU.Build.0 = Debug|Any CPU
		{8DB4777C-C29B-4E9A-94A2-716D5137E0B1}.Release|Any CPU.ActiveCfg = Release|Any CPU
		{8DB4777C-C29B-4E9A-94A2-716D5137E0B1}.Release|Any CPU.Build.0 = Release|Any CPU
		{1B40C81D-37D3-451F-B4B8-7169A2C2996C}.Debug|Any CPU.ActiveCfg = Debug|Any CPU
		{1B40C81D-37D3-451F-B4B8-7169A2C2996C}.Debug|Any CPU.Build.0 = Debug|Any CPU
		{1B40C81D-37D3-451F-B4B8-7169A2C2996C}.Release|Any CPU.ActiveCfg = Release|Any CPU
		{1B40C81D-37D3-451F-B4B8-7169A2C2996C}.Release|Any CPU.Build.0 = Release|Any CPU
		{5066A017-FFD1-4777-BF04-E1255646DC85}.Debug|Any CPU.ActiveCfg = Debug|Any CPU
		{5066A017-FFD1-4777-BF04-E1255646DC85}.Debug|Any CPU.Build.0 = Debug|Any CPU
		{5066A017-FFD1-4777-BF04-E1255646DC85}.Release|Any CPU.ActiveCfg = Release|Any CPU
		{5066A017-FFD1-4777-BF04-E1255646DC85}.Release|Any CPU.Build.0 = Release|Any CPU
		{B5266436-A5D6-4FEF-B9EA-1B9EF3840DA5}.Debug|Any CPU.ActiveCfg = Debug|Any CPU
		{B5266436-A5D6-4FEF-B9EA-1B9EF3840DA5}.Debug|Any CPU.Build.0 = Debug|Any CPU
		{B5266436-A5D6-4FEF-B9EA-1B9EF3840DA5}.Release|Any CPU.ActiveCfg = Release|Any CPU
		{B5266436-A5D6-4FEF-B9EA-1B9EF3840DA5}.Release|Any CPU.Build.0 = Release|Any CPU
	EndGlobalSection
	GlobalSection(SolutionProperties) = preSolution
		HideSolutionNode = FALSE
	EndGlobalSection
	GlobalSection(NestedProjects) = preSolution
		{7917F9C9-E53B-4BA3-81A0-AA020B5F50AB} = {187FF3B7-AFFD-4C5C-A9CF-2F98BD2BC20D}
		{8DB4777C-C29B-4E9A-94A2-716D5137E0B1} = {B84662E3-8DF5-420F-8BBB-61611B6D91CE}
		{1B40C81D-37D3-451F-B4B8-7169A2C2996C} = {B84662E3-8DF5-420F-8BBB-61611B6D91CE}
		{5066A017-FFD1-4777-BF04-E1255646DC85} = {B84662E3-8DF5-420F-8BBB-61611B6D91CE}
		{B5266436-A5D6-4FEF-B9EA-1B9EF3840DA5} = {187FF3B7-AFFD-4C5C-A9CF-2F98BD2BC20D}
	EndGlobalSection
	GlobalSection(ExtensibilityGlobals) = postSolution
		SolutionGuid = {FCF18273-F836-4B43-8123-FCFCA079FEEF}
	EndGlobalSection
EndGlobal
